{
    "_readme": [
        "This file locks the dependencies of your project to a known state",
        "Read more about it at https://getcomposer.org/doc/01-basic-usage.md#installing-dependencies",
        "This file is @generated automatically"
    ],
    "content-hash": "57088388adc025aa24458f1bbaa432a1",
    "packages": [],
    "packages-dev": [
        {
            "name": "nikic/php-parser",
            "version": "v4.4.0",
            "source": {
                "type": "git",
                "url": "https://github.com/nikic/PHP-Parser.git",
                "reference": "bd43ec7152eaaab3bd8c6d0aa95ceeb1df8ee120"
            },
            "dist": {
                "type": "zip",
                "url": "https://api.github.com/repos/nikic/PHP-Parser/zipball/bd43ec7152eaaab3bd8c6d0aa95ceeb1df8ee120",
                "reference": "bd43ec7152eaaab3bd8c6d0aa95ceeb1df8ee120",
                "shasum": ""
            },
            "require": {
                "ext-tokenizer": "*",
                "php": ">=7.0"
            },
            "require-dev": {
                "ircmaxell/php-yacc": "0.0.5",
                "phpunit/phpunit": "^6.5 || ^7.0 || ^8.0"
            },
            "bin": [
                "bin/php-parse"
            ],
            "type": "library",
            "extra": {
                "branch-alias": {
                    "dev-master": "4.3-dev"
                }
            },
            "autoload": {
                "psr-4": {
                    "PhpParser\\": "lib/PhpParser"
                }
            },
            "notification-url": "https://packagist.org/downloads/",
            "license": [
                "BSD-3-Clause"
            ],
            "authors": [
                {
                    "name": "Nikita Popov"
                }
            ],
            "description": "A PHP parser written in PHP",
            "keywords": [
                "parser",
                "php"
            ],
            "time": "2020-04-10T16:34:50+00:00"
        },
        {
            "name": "phpmetrics/phpmetrics",
            "version": "v2.6.2",
            "source": {
                "type": "git",
                "url": "https://github.com/phpmetrics/PhpMetrics.git",
                "reference": "67ac2cea23c6f9c5bdfd1c98fc0e55eef16ef59d"
            },
            "dist": {
                "type": "zip",
                "url": "https://api.github.com/repos/phpmetrics/PhpMetrics/zipball/67ac2cea23c6f9c5bdfd1c98fc0e55eef16ef59d",
                "reference": "67ac2cea23c6f9c5bdfd1c98fc0e55eef16ef59d",
                "shasum": ""
            },
            "require": {
                "ext-dom": "*",
                "ext-tokenizer": "*",
                "nikic/php-parser": "^3|^4",
                "php": ">=5.5"
            },
            "replace": {
                "halleck45/php-metrics": "*",
                "halleck45/phpmetrics": "*"
            },
            "require-dev": {
                "phpunit/phpunit": "^4.8.36 || ^5.7.27 || ^6.5.14",
                "sebastian/comparator": ">=1.2.3",
                "squizlabs/php_codesniffer": "^3.5"
            },
            "bin": [
                "bin/phpmetrics"
            ],
            "type": "library",
            "autoload": {
                "psr-0": {
                    "Hal\\": "./src/"
                },
                "files": [
                    "./src/functions.php"
                ]
            },
            "notification-url": "https://packagist.org/downloads/",
            "license": [
                "MIT"
            ],
            "authors": [
                {
                    "name": "Jean-François Lépine",
                    "email": "lepinejeanfrancois@yahoo.fr",
                    "homepage": "http://www.lepine.pro",
                    "role": "Copyright Holder"
                }
            ],
            "description": "Static analyzer tool for PHP : Coupling, Cyclomatic complexity, Maintainability Index, Halstead's metrics... and more !",
            "homepage": "http://www.phpmetrics.org",
            "keywords": [
                "analysis",
                "qa",
                "quality",
                "testing"
            ],
            "time": "2020-04-02T20:22:19+00:00"
        }
    ],
    "aliases": [],
    "minimum-stability": "stable",
    "stability-flags": [],
    "prefer-stable": false,
    "prefer-lowest": false,
    "platform": {
        "php": "^7.4",
        "ext-json": "*"
    },
    "platform-dev": [],
    "plugin-api-version": "1.1.0"
}
