{
    "_readme": [
        "This file locks the dependencies of your project to a known state",
        "Read more about it at https://getcomposer.org/doc/01-basic-usage.md#installing-dependencies",
        "This file is @generated automatically"
    ],
    "content-hash": "ee0554314cbcd5398c1366307ec95c9a",
    "packages": [],
    "packages-dev": [
        {
            "name": "phar-io/composer-plugin",
            "version": "0.1.2",
            "source": {
                "type": "git",
                "url": "https://github.com/phar-io/composer-plugin.git",
                "reference": "6d8b10063a175417bcde90972e074ba6fe9afea8"
            },
            "dist": {
                "type": "zip",
                "url": "https://api.github.com/repos/phar-io/composer-plugin/zipball/6d8b10063a175417bcde90972e074ba6fe9afea8",
                "reference": "6d8b10063a175417bcde90972e074ba6fe9afea8",
                "shasum": ""
            },
            "require": {
                "composer-plugin-api": "^1.0",
                "phar-io/executor": "^0.9",
                "phar-io/filesystem": "^0.9",
                "phar-io/gnupg": "^0.9",
                "php": ">=5.6.0"
            },
            "require-dev": {
                "composer/composer": "~1.3"
            },
            "type": "composer-plugin",
            "extra": {
                "class": "PharIo\\Composer\\Plugin"
            },
            "autoload": {
                "psr-4": {
                    "PharIo\\Composer\\": "src/"
                }
            },
            "notification-url": "https://packagist.org/downloads/",
            "license": [
                "BSD-3-Clause"
            ],
            "authors": [
                {
                    "name": "Arne Blankerts",
                    "email": "arne@blankerts.de",
                    "role": "Developer"
                },
                {
                    "name": "Sebastian Heuer",
                    "email": "sebastian@phpeople.de",
                    "role": "Developer"
                },
                {
                    "name": "Tommy Muehle",
                    "email": "tommy.muehle@gmail.com",
                    "role": "Developer"
                }
            ],
            "description": "This Composer plugin integrates Phive.",
            "homepage": "https://phar.io/",
            "time": "2020-05-13T20:27:42+00:00"
        },
        {
            "name": "phar-io/executor",
            "version": "0.9.0",
            "source": {
                "type": "git",
                "url": "https://github.com/phar-io/executor.git",
                "reference": "961a28ec0343b229a6ab593d0996db3ccdfbc346"
            },
            "dist": {
                "type": "zip",
                "url": "https://api.github.com/repos/phar-io/executor/zipball/961a28ec0343b229a6ab593d0996db3ccdfbc346",
                "reference": "961a28ec0343b229a6ab593d0996db3ccdfbc346",
                "shasum": ""
            },
            "require": {
                "phar-io/filesystem": "^0.9",
                "php": ">=5.6.0"
            },
            "type": "library",
            "extra": {
                "branch-alias": {
                    "dev-master": "1.0.x-dev"
                }
            },
            "autoload": {
                "classmap": [
                    "src/"
                ]
            },
            "notification-url": "https://packagist.org/downloads/",
            "license": [
                "BSD-3-Clause"
            ],
            "authors": [
                {
                    "name": "Arne Blankerts",
                    "email": "arne@blankerts.de",
                    "role": "Developer"
                },
                {
                    "name": "Sebastian Heuer",
                    "email": "sebastian@phpeople.de",
                    "role": "Developer"
                }
            ],
            "time": "2020-05-13T19:56:29+00:00"
        },
        {
            "name": "phar-io/filesystem",
            "version": "0.9.0",
            "source": {
                "type": "git",
                "url": "https://github.com/phar-io/filesystem.git",
                "reference": "6051c0b17e93721102f54f21676091187fe581c0"
            },
            "dist": {
                "type": "zip",
                "url": "https://api.github.com/repos/phar-io/filesystem/zipball/6051c0b17e93721102f54f21676091187fe581c0",
                "reference": "6051c0b17e93721102f54f21676091187fe581c0",
                "shasum": ""
            },
            "require": {
                "php": ">=5.6.0"
            },
            "type": "library",
            "extra": {
                "branch-alias": {
                    "dev-master": "1.0.x-dev"
                }
            },
            "autoload": {
                "classmap": [
                    "src/"
                ]
            },
            "notification-url": "https://packagist.org/downloads/",
            "license": [
                "BSD-3-Clause"
            ],
            "authors": [
                {
                    "name": "Arne Blankerts",
                    "email": "arne@blankerts.de",
                    "role": "Developer"
                },
                {
                    "name": "Sebastian Heuer",
                    "email": "sebastian@phpeople.de",
                    "role": "Developer"
                }
            ],
            "time": "2020-05-09T15:30:44+00:00"
        },
        {
            "name": "phar-io/gnupg",
            "version": "0.9.1",
            "source": {
                "type": "git",
                "url": "https://github.com/phar-io/gnupg.git",
                "reference": "5a5a296381c1cb95f421dbc995a98740dd8a639c"
            },
            "dist": {
                "type": "zip",
                "url": "https://api.github.com/repos/phar-io/gnupg/zipball/5a5a296381c1cb95f421dbc995a98740dd8a639c",
                "reference": "5a5a296381c1cb95f421dbc995a98740dd8a639c",
                "shasum": ""
            },
            "require": {
                "phar-io/executor": "^0.9",
                "phar-io/filesystem": "^0.9",
                "php": "^7.1"
            },
            "type": "library",
            "extra": {
                "branch-alias": {
                    "dev-master": "1.0.x-dev"
                }
            },
            "autoload": {
                "classmap": [
                    "src/"
                ]
            },
            "notification-url": "https://packagist.org/downloads/",
            "license": [
                "BSD-3-Clause"
            ],
            "authors": [
                {
                    "name": "Arne Blankerts",
                    "email": "arne@blankerts.de",
                    "role": "Developer"
                },
                {
                    "name": "Sebastian Heuer",
                    "email": "sebastian@phpeople.de",
                    "role": "Developer"
                }
            ],
            "description": "Thin GnuPG wrapper class around the gnupg binary, mimicking the pecl/gnupg api",
            "time": "2020-05-13T20:00:02+00:00"
        },
        {
            "name": "symplify/easy-coding-standard-prefixed",
            "version": "v7.2.6",
            "source": {
                "type": "git",
                "url": "https://github.com/symplify/easy-coding-standard-prefixed.git",
                "reference": "61a74f0300c582c3ade214df65a149ab50a32643"
            },
            "dist": {
                "type": "zip",
                "url": "https://api.github.com/repos/symplify/easy-coding-standard-prefixed/zipball/61a74f0300c582c3ade214df65a149ab50a32643",
                "reference": "61a74f0300c582c3ade214df65a149ab50a32643",
                "shasum": ""
            },
            "require": {
                "php": "^7.2"
            },
            "conflict": {
                "symplify/auto-bind-parameter": "<7.2",
                "symplify/autowire-array-parameter": "<7.2",
                "symplify/coding-standard": "<7.2",
                "symplify/package-builder": "<7.2",
                "symplify/set-config-resolver": "<7.2",
                "symplify/smart-file-system": "<7.2"
            },
            "replace": {
                "symplify/easy-coding-standard": "self.version"
            },
            "bin": [
                "ecs",
                "ecs.phar"
            ],
            "type": "library",
            "notification-url": "https://packagist.org/downloads/",
            "license": [
                "MIT"
            ],
            "description": "Prefixed version of ECS compiled in PHAR",
            "time": "2020-03-18T09:13:22+00:00"
        }
    ],
    "aliases": [],
    "minimum-stability": "stable",
    "stability-flags": [],
    "prefer-stable": false,
    "prefer-lowest": false,
    "platform": {
        "php": "^7.4"
    },
    "platform-dev": [],
    "plugin-api-version": "1.1.0"
}
